// !$*UTF8*$!
{
	archiveVersion = 1;
	classes = {
	};
	objectVersion = 55;
	objects = {

/* Begin PBXBuildFile section */
		DF30CC7727B001AE00D665C7 /* AnonChatsApp.swift in Sources */ = {isa = PBXBuildFile; fileRef = DF30CC7627B001AE00D665C7 /* AnonChatsApp.swift */; };
		DF30CC7927B001AE00D665C7 /* ContentView.swift in Sources */ = {isa = PBXBuildFile; fileRef = DF30CC7827B001AE00D665C7 /* ContentView.swift */; };
		DF30CC7B27B001AE00D665C7 /* Assets.xcassets in Resources */ = {isa = PBXBuildFile; fileRef = DF30CC7A27B001AE00D665C7 /* Assets.xcassets */; };
		DF30CC7E27B001AE00D665C7 /* Preview Assets.xcassets in Resources */ = {isa = PBXBuildFile; fileRef = DF30CC7D27B001AE00D665C7 /* Preview Assets.xcassets */; };
		DF30CC8527B001B700D665C7 /* GoogleService-Info.plist in Resources */ = {isa = PBXBuildFile; fileRef = DF30CC8427B001B700D665C7 /* GoogleService-Info.plist */; };
		DF30CC8727B001BD00D665C7 /* README.md in Resources */ = {isa = PBXBuildFile; fileRef = DF30CC8627B001BD00D665C7 /* README.md */; };
		DF65BC9427F1B49E0065873C /* FirebaseAuth in Frameworks */ = {isa = PBXBuildFile; productRef = DF65BC9327F1B49E0065873C /* FirebaseAuth */; };
		DF65BC9627F1B49E0065873C /* FirebaseFirestoreSwift-Beta in Frameworks */ = {isa = PBXBuildFile; productRef = DF65BC9527F1B49E0065873C /* FirebaseFirestoreSwift-Beta */; };
		DF7A856527B05F12008F7C96 /* ChatsView.swift in Sources */ = {isa = PBXBuildFile; fileRef = DF7A856427B05F12008F7C96 /* ChatsView.swift */; };
		DF7A856727B05F22008F7C96 /* SettingsView.swift in Sources */ = {isa = PBXBuildFile; fileRef = DF7A856627B05F22008F7C96 /* SettingsView.swift */; };
		DF7A856927B05F3B008F7C96 /* FavouriteView.swift in Sources */ = {isa = PBXBuildFile; fileRef = DF7A856827B05F3A008F7C96 /* FavouriteView.swift */; };
		DF7A856B27B05F72008F7C96 /* ChatView.swift in Sources */ = {isa = PBXBuildFile; fileRef = DF7A856A27B05F72008F7C96 /* ChatView.swift */; };
		DF7A856D27B05F88008F7C96 /* Models.swift in Sources */ = {isa = PBXBuildFile; fileRef = DF7A856C27B05F88008F7C96 /* Models.swift */; };
		DF7A856F27B05FA8008F7C96 /* Extensions.swift in Sources */ = {isa = PBXBuildFile; fileRef = DF7A856E27B05FA8008F7C96 /* Extensions.swift */; };
		DF7A857127B0667C008F7C96 /* AddChatView.swift in Sources */ = {isa = PBXBuildFile; fileRef = DF7A857027B0667C008F7C96 /* AddChatView.swift */; };
		DF7A857327B06975008F7C96 /* AlertView.swift in Sources */ = {isa = PBXBuildFile; fileRef = DF7A857227B06975008F7C96 /* AlertView.swift */; };
		DF7A857927B3B8E7008F7C96 /* EditView.swift in Sources */ = {isa = PBXBuildFile; fileRef = DF7A857827B3B8E7008F7C96 /* EditView.swift */; };
		DF7A857C27B549D0008F7C96 /* MenuView.swift in Sources */ = {isa = PBXBuildFile; fileRef = DF7A857B27B549D0008F7C96 /* MenuView.swift */; };
		DF9D196427BA83E1000E4B8B /* MessageView.swift in Sources */ = {isa = PBXBuildFile; fileRef = DF9D196327BA83E1000E4B8B /* MessageView.swift */; };
		DF9FEC9D27B002F500905A48 /* FirebaseAuth in Frameworks */ = {isa = PBXBuildFile; productRef = DF9FEC9C27B002F500905A48 /* FirebaseAuth */; };
		DF9FECA127B002F500905A48 /* FirebaseFirestoreSwift-Beta in Frameworks */ = {isa = PBXBuildFile; productRef = DF9FECA027B002F500905A48 /* FirebaseFirestoreSwift-Beta */; };
		DF9FECA327B02E9B00905A48 /* HomeView.swift in Sources */ = {isa = PBXBuildFile; fileRef = DF9FECA227B02E9B00905A48 /* HomeView.swift */; };
		DF9FECA527B02EAB00905A48 /* MainView.swift in Sources */ = {isa = PBXBuildFile; fileRef = DF9FECA427B02EAB00905A48 /* MainView.swift */; };
		DF9FECA727B0300400905A48 /* RegistrationView.swift in Sources */ = {isa = PBXBuildFile; fileRef = DF9FECA627B0300400905A48 /* RegistrationView.swift */; };
		DF9FECA927B0302000905A48 /* AuthorizationView.swift in Sources */ = {isa = PBXBuildFile; fileRef = DF9FECA827B0302000905A48 /* AuthorizationView.swift */; };
/* End PBXBuildFile section */

/* Begin PBXFileReference section */
		DF30CC7327B001AE00D665C7 /* AnonChats.app */ = {isa = PBXFileReference; explicitFileType = wrapper.application; includeInIndex = 0; path = AnonChats.app; sourceTree = BUILT_PRODUCTS_DIR; };
		DF30CC7627B001AE00D665C7 /* AnonChatsApp.swift */ = {isa = PBXFileReference; lastKnownFileType = sourcecode.swift; path = AnonChatsApp.swift; sourceTree = "<group>"; };
		DF30CC7827B001AE00D665C7 /* ContentView.swift */ = {isa = PBXFileReference; lastKnownFileType = sourcecode.swift; path = ContentView.swift; sourceTree = "<group>"; };
		DF30CC7A27B001AE00D665C7 /* Assets.xcassets */ = {isa = PBXFileReference; lastKnownFileType = folder.assetcatalog; path = Assets.xcassets; sourceTree = "<group>"; };
		DF30CC7D27B001AE00D665C7 /* Preview Assets.xcassets */ = {isa = PBXFileReference; lastKnownFileType = folder.assetcatalog; path = "Preview Assets.xcassets"; sourceTree = "<group>"; };
		DF30CC8427B001B700D665C7 /* GoogleService-Info.plist */ = {isa = PBXFileReference; fileEncoding = 4; lastKnownFileType = text.plist.xml; path = "GoogleService-Info.plist"; sourceTree = "<group>"; };
		DF30CC8627B001BD00D665C7 /* README.md */ = {isa = PBXFileReference; fileEncoding = 4; lastKnownFileType = net.daringfireball.markdown; path = README.md; sourceTree = "<group>"; };
		DF7A856427B05F12008F7C96 /* ChatsView.swift */ = {isa = PBXFileReference; lastKnownFileType = sourcecode.swift; path = ChatsView.swift; sourceTree = "<group>"; };
		DF7A856627B05F22008F7C96 /* SettingsView.swift */ = {isa = PBXFileReference; lastKnownFileType = sourcecode.swift; path = SettingsView.swift; sourceTree = "<group>"; };
		DF7A856827B05F3A008F7C96 /* FavouriteView.swift */ = {isa = PBXFileReference; lastKnownFileType = sourcecode.swift; path = FavouriteView.swift; sourceTree = "<group>"; };
		DF7A856A27B05F72008F7C96 /* ChatView.swift */ = {isa = PBXFileReference; lastKnownFileType = sourcecode.swift; path = ChatView.swift; sourceTree = "<group>"; };
		DF7A856C27B05F88008F7C96 /* Models.swift */ = {isa = PBXFileReference; lastKnownFileType = sourcecode.swift; path = Models.swift; sourceTree = "<group>"; };
		DF7A856E27B05FA8008F7C96 /* Extensions.swift */ = {isa = PBXFileReference; lastKnownFileType = sourcecode.swift; path = Extensions.swift; sourceTree = "<group>"; };
		DF7A857027B0667C008F7C96 /* AddChatView.swift */ = {isa = PBXFileReference; lastKnownFileType = sourcecode.swift; path = AddChatView.swift; sourceTree = "<group>"; };
		DF7A857227B06975008F7C96 /* AlertView.swift */ = {isa = PBXFileReference; lastKnownFileType = sourcecode.swift; path = AlertView.swift; sourceTree = "<group>"; };
		DF7A857827B3B8E7008F7C96 /* EditView.swift */ = {isa = PBXFileReference; lastKnownFileType = sourcecode.swift; path = EditView.swift; sourceTree = "<group>"; };
		DF7A857B27B549D0008F7C96 /* MenuView.swift */ = {isa = PBXFileReference; lastKnownFileType = sourcecode.swift; path = MenuView.swift; sourceTree = "<group>"; };
		DF9D196327BA83E1000E4B8B /* MessageView.swift */ = {isa = PBXFileReference; lastKnownFileType = sourcecode.swift; path = MessageView.swift; sourceTree = "<group>"; };
		DF9FECA227B02E9B00905A48 /* HomeView.swift */ = {isa = PBXFileReference; lastKnownFileType = sourcecode.swift; path = HomeView.swift; sourceTree = "<group>"; };
		DF9FECA427B02EAB00905A48 /* MainView.swift */ = {isa = PBXFileReference; lastKnownFileType = sourcecode.swift; path = MainView.swift; sourceTree = "<group>"; };
		DF9FECA627B0300400905A48 /* RegistrationView.swift */ = {isa = PBXFileReference; lastKnownFileType = sourcecode.swift; path = RegistrationView.swift; sourceTree = "<group>"; };
		DF9FECA827B0302000905A48 /* AuthorizationView.swift */ = {isa = PBXFileReference; lastKnownFileType = sourcecode.swift; path = AuthorizationView.swift; sourceTree = "<group>"; };
/* End PBXFileReference section */

/* Begin PBXFrameworksBuildPhase section */
		DF30CC7027B001AE00D665C7 /* Frameworks */ = {
			isa = PBXFrameworksBuildPhase;
			buildActionMask = 2147483647;
			files = (
				DF9FECA127B002F500905A48 /* FirebaseFirestoreSwift-Beta in Frameworks */,
				DF9FEC9D27B002F500905A48 /* FirebaseAuth in Frameworks */,
				DF65BC9627F1B49E0065873C /* FirebaseFirestoreSwift-Beta in Frameworks */,
				DF65BC9427F1B49E0065873C /* FirebaseAuth in Frameworks */,
			);
			runOnlyForDeploymentPostprocessing = 0;
		};
/* End PBXFrameworksBuildPhase section */

/* Begin PBXGroup section */
		DF30CC6A27B001AE00D665C7 = {
			isa = PBXGroup;
			children = (
				DF30CC8627B001BD00D665C7 /* README.md */,
				DF30CC7527B001AE00D665C7 /* AnonChats */,
				DF30CC7427B001AE00D665C7 /* Products */,
			);
			sourceTree = "<group>";
		};
		DF30CC7427B001AE00D665C7 /* Products */ = {
			isa = PBXGroup;
			children = (
				DF30CC7327B001AE00D665C7 /* AnonChats.app */,
			);
			name = Products;
			sourceTree = "<group>";
		};
		DF30CC7527B001AE00D665C7 /* AnonChats */ = {
			isa = PBXGroup;
			children = (
				DF30CC7C27B001AE00D665C7 /* Preview Content */,
				DF30CC7A27B001AE00D665C7 /* Assets.xcassets */,
				DF30CC8427B001B700D665C7 /* GoogleService-Info.plist */,
				DF30CC7627B001AE00D665C7 /* AnonChatsApp.swift */,
				DF30CC7827B001AE00D665C7 /* ContentView.swift */,
				DF9FECA427B02EAB00905A48 /* MainView.swift */,
				DF9FECA627B0300400905A48 /* RegistrationView.swift */,
				DF9FECA827B0302000905A48 /* AuthorizationView.swift */,
				DF7A857227B06975008F7C96 /* AlertView.swift */,
				DF7A856827B05F3A008F7C96 /* FavouriteView.swift */,
				DF7A856627B05F22008F7C96 /* SettingsView.swift */,
				DF9FECA227B02E9B00905A48 /* HomeView.swift */,
				DF7A856427B05F12008F7C96 /* ChatsView.swift */,
				DF7A857B27B549D0008F7C96 /* MenuView.swift */,
				DF7A857027B0667C008F7C96 /* AddChatView.swift */,
				DF7A856A27B05F72008F7C96 /* ChatView.swift */,
				DF9D196327BA83E1000E4B8B /* MessageView.swift */,
				DF7A857827B3B8E7008F7C96 /* EditView.swift */,
				DF7A856C27B05F88008F7C96 /* Models.swift */,
				DF7A856E27B05FA8008F7C96 /* Extensions.swift */,
			);
			path = AnonChats;
			sourceTree = "<group>";
		};
		DF30CC7C27B001AE00D665C7 /* Preview Content */ = {
			isa = PBXGroup;
			children = (
				DF30CC7D27B001AE00D665C7 /* Preview Assets.xcassets */,
			);
			path = "Preview Content";
			sourceTree = "<group>";
		};
/* End PBXGroup section */

/* Begin PBXNativeTarget section */
		DF30CC7227B001AE00D665C7 /* AnonChats */ = {
			isa = PBXNativeTarget;
			buildConfigurationList = DF30CC8127B001AE00D665C7 /* Build configuration list for PBXNativeTarget "AnonChats" */;
			buildPhases = (
				DF30CC6F27B001AE00D665C7 /* Sources */,
				DF30CC7027B001AE00D665C7 /* Frameworks */,
				DF30CC7127B001AE00D665C7 /* Resources */,
				DF7A857727B34399008F7C96 /* ShellScript */,
			);
			buildRules = (
			);
			dependencies = (
			);
			name = AnonChats;
			packageProductDependencies = (
				DF9FEC9C27B002F500905A48 /* FirebaseAuth */,
				DF9FECA027B002F500905A48 /* FirebaseFirestoreSwift-Beta */,
				DF65BC9327F1B49E0065873C /* FirebaseAuth */,
				DF65BC9527F1B49E0065873C /* FirebaseFirestoreSwift-Beta */,
			);
			productName = AnonChats;
			productReference = DF30CC7327B001AE00D665C7 /* AnonChats.app */;
			productType = "com.apple.product-type.application";
		};
/* End PBXNativeTarget section */

/* Begin PBXProject section */
		DF30CC6B27B001AE00D665C7 /* Project object */ = {
			isa = PBXProject;
			attributes = {
				BuildIndependentTargetsInParallel = 1;
				LastSwiftUpdateCheck = 1320;
				LastUpgradeCheck = 1320;
				TargetAttributes = {
					DF30CC7227B001AE00D665C7 = {
						CreatedOnToolsVersion = 13.2.1;
					};
				};
			};
			buildConfigurationList = DF30CC6E27B001AE00D665C7 /* Build configuration list for PBXProject "AnonChats" */;
			compatibilityVersion = "Xcode 13.0";
			developmentRegion = en;
			hasScannedForEncodings = 0;
			knownRegions = (
				en,
				Base,
			);
			mainGroup = DF30CC6A27B001AE00D665C7;
			packageReferences = (
				DF9FEC9B27B002F400905A48 /* XCRemoteSwiftPackageReference "firebase-ios-sdk" */,
				DF65BC9227F1B49E0065873C /* XCRemoteSwiftPackageReference "firebase-ios-sdk" */,
			);
			productRefGroup = DF30CC7427B001AE00D665C7 /* Products */;
			projectDirPath = "";
			projectRoot = "";
			targets = (
				DF30CC7227B001AE00D665C7 /* AnonChats */,
			);
		};
/* End PBXProject section */

/* Begin PBXResourcesBuildPhase section */
		DF30CC7127B001AE00D665C7 /* Resources */ = {
			isa = PBXResourcesBuildPhase;
			buildActionMask = 2147483647;
			files = (
				DF30CC7E27B001AE00D665C7 /* Preview Assets.xcassets in Resources */,
				DF30CC7B27B001AE00D665C7 /* Assets.xcassets in Resources */,
				DF30CC8727B001BD00D665C7 /* README.md in Resources */,
				DF30CC8527B001B700D665C7 /* GoogleService-Info.plist in Resources */,
			);
			runOnlyForDeploymentPostprocessing = 0;
		};
/* End PBXResourcesBuildPhase section */

/* Begin PBXShellScriptBuildPhase section */
		DF7A857727B34399008F7C96 /* ShellScript */ = {
			isa = PBXShellScriptBuildPhase;
			buildActionMask = 2147483647;
			files = (
			);
			inputFileListPaths = (
			);
			inputPaths = (
			);
			outputFileListPaths = (
			);
			outputPaths = (
			);
			runOnlyForDeploymentPostprocessing = 0;
			shellPath = /bin/sh;
			shellScript = "#export PATH=\"$PATH:/opt/homebrew/bin\"\n#if which swiftlint >/dev/null; then\n#  swiftlint\n#fi\n";
		};
/* End PBXShellScriptBuildPhase section */

/* Begin PBXSourcesBuildPhase section */
		DF30CC6F27B001AE00D665C7 /* Sources */ = {
			isa = PBXSourcesBuildPhase;
			buildActionMask = 2147483647;
			files = (
				DF7A856D27B05F88008F7C96 /* Models.swift in Sources */,
				DF7A856527B05F12008F7C96 /* ChatsView.swift in Sources */,
				DF7A856727B05F22008F7C96 /* SettingsView.swift in Sources */,
				DF7A856B27B05F72008F7C96 /* ChatView.swift in Sources */,
				DF9FECA327B02E9B00905A48 /* HomeView.swift in Sources */,
				DF9D196427BA83E1000E4B8B /* MessageView.swift in Sources */,
				DF9FECA527B02EAB00905A48 /* MainView.swift in Sources */,
				DF9FECA927B0302000905A48 /* AuthorizationView.swift in Sources */,
				DF7A857127B0667C008F7C96 /* AddChatView.swift in Sources */,
				DF7A856F27B05FA8008F7C96 /* Extensions.swift in Sources */,
				DF7A857C27B549D0008F7C96 /* MenuView.swift in Sources */,
				DF7A857327B06975008F7C96 /* AlertView.swift in Sources */,
				DF30CC7927B001AE00D665C7 /* ContentView.swift in Sources */,
				DF7A857927B3B8E7008F7C96 /* EditView.swift in Sources */,
				DF30CC7727B001AE00D665C7 /* AnonChatsApp.swift in Sources */,
				DF7A856927B05F3B008F7C96 /* FavouriteView.swift in Sources */,
				DF9FECA727B0300400905A48 /* RegistrationView.swift in Sources */,
			);
			runOnlyForDeploymentPostprocessing = 0;
		};
/* End PBXSourcesBuildPhase section */

/* Begin XCBuildConfiguration section */
		DF30CC7F27B001AE00D665C7 /* Debug */ = {
			isa = XCBuildConfiguration;
			buildSettings = {
				ALWAYS_SEARCH_USER_PATHS = NO;
				CLANG_ANALYZER_NONNULL = YES;
				CLANG_ANALYZER_NUMBER_OBJECT_CONVERSION = YES_AGGRESSIVE;
				CLANG_CXX_LANGUAGE_STANDARD = "gnu++17";
				CLANG_CXX_LIBRARY = "libc++";
				CLANG_ENABLE_MODULES = YES;
				CLANG_ENABLE_OBJC_ARC = YES;
				CLANG_ENABLE_OBJC_WEAK = YES;
				CLANG_WARN_BLOCK_CAPTURE_AUTORELEASING = YES;
				CLANG_WARN_BOOL_CONVERSION = YES;
				CLANG_WARN_COMMA = YES;
				CLANG_WARN_CONSTANT_CONVERSION = YES;
				CLANG_WARN_DEPRECATED_OBJC_IMPLEMENTATIONS = YES;
				CLANG_WARN_DIRECT_OBJC_ISA_USAGE = YES_ERROR;
				CLANG_WARN_DOCUMENTATION_COMMENTS = YES;
				CLANG_WARN_EMPTY_BODY = YES;
				CLANG_WARN_ENUM_CONVERSION = YES;
				CLANG_WARN_INFINITE_RECURSION = YES;
				CLANG_WARN_INT_CONVERSION = YES;
				CLANG_WARN_NON_LITERAL_NULL_CONVERSION = YES;
				CLANG_WARN_OBJC_IMPLICIT_RETAIN_SELF = YES;
				CLANG_WARN_OBJC_LITERAL_CONVERSION = YES;
				CLANG_WARN_OBJC_ROOT_CLASS = YES_ERROR;
				CLANG_WARN_QUOTED_INCLUDE_IN_FRAMEWORK_HEADER = YES;
				CLANG_WARN_RANGE_LOOP_ANALYSIS = YES;
				CLANG_WARN_STRICT_PROTOTYPES = YES;
				CLANG_WARN_SUSPICIOUS_MOVE = YES;
				CLANG_WARN_UNGUARDED_AVAILABILITY = YES_AGGRESSIVE;
				CLANG_WARN_UNREACHABLE_CODE = YES;
				CLANG_WARN__DUPLICATE_METHOD_MATCH = YES;
				COPY_PHASE_STRIP = NO;
				DEBUG_INFORMATION_FORMAT = dwarf;
				ENABLE_STRICT_OBJC_MSGSEND = YES;
				ENABLE_TESTABILITY = YES;
				GCC_C_LANGUAGE_STANDARD = gnu11;
				GCC_DYNAMIC_NO_PIC = NO;
				GCC_NO_COMMON_BLOCKS = YES;
				GCC_OPTIMIZATION_LEVEL = 0;
				GCC_PREPROCESSOR_DEFINITIONS = (
					"DEBUG=1",
					"$(inherited)",
				);
				GCC_WARN_64_TO_32_BIT_CONVERSION = YES;
				GCC_WARN_ABOUT_RETURN_TYPE = YES_ERROR;
				GCC_WARN_UNDECLARED_SELECTOR = YES;
				GCC_WARN_UNINITIALIZED_AUTOS = YES_AGGRESSIVE;
				GCC_WARN_UNUSED_FUNCTION = YES;
				GCC_WARN_UNUSED_VARIABLE = YES;
				IPHONEOS_DEPLOYMENT_TARGET = 15.2;
				MTL_ENABLE_DEBUG_INFO = INCLUDE_SOURCE;
				MTL_FAST_MATH = YES;
				ONLY_ACTIVE_ARCH = YES;
				SDKROOT = iphoneos;
				SWIFT_ACTIVE_COMPILATION_CONDITIONS = DEBUG;
				SWIFT_OPTIMIZATION_LEVEL = "-Onone";
			};
			name = Debug;
		};
		DF30CC8027B001AE00D665C7 /* Release */ = {
			isa = XCBuildConfiguration;
			buildSettings = {
				ALWAYS_SEARCH_USER_PATHS = NO;
				CLANG_ANALYZER_NONNULL = YES;
				CLANG_ANALYZER_NUMBER_OBJECT_CONVERSION = YES_AGGRESSIVE;
				CLANG_CXX_LANGUAGE_STANDARD = "gnu++17";
				CLANG_CXX_LIBRARY = "libc++";
				CLANG_ENABLE_MODULES = YES;
				CLANG_ENABLE_OBJC_ARC = YES;
				CLANG_ENABLE_OBJC_WEAK = YES;
				CLANG_WARN_BLOCK_CAPTURE_AUTORELEASING = YES;
				CLANG_WARN_BOOL_CONVERSION = YES;
				CLANG_WARN_COMMA = YES;
				CLANG_WARN_CONSTANT_CONVERSION = YES;
				CLANG_WARN_DEPRECATED_OBJC_IMPLEMENTATIONS = YES;
				CLANG_WARN_DIRECT_OBJC_ISA_USAGE = YES_ERROR;
				CLANG_WARN_DOCUMENTATION_COMMENTS = YES;
				CLANG_WARN_EMPTY_BODY = YES;
				CLANG_WARN_ENUM_CONVERSION = YES;
				CLANG_WARN_INFINITE_RECURSION = YES;
				CLANG_WARN_INT_CONVERSION = YES;
				CLANG_WARN_NON_LITERAL_NULL_CONVERSION = YES;
				CLANG_WARN_OBJC_IMPLICIT_RETAIN_SELF = YES;
				CLANG_WARN_OBJC_LITERAL_CONVERSION = YES;
				CLANG_WARN_OBJC_ROOT_CLASS = YES_ERROR;
				CLANG_WARN_QUOTED_INCLUDE_IN_FRAMEWORK_HEADER = YES;
				CLANG_WARN_RANGE_LOOP_ANALYSIS = YES;
				CLANG_WARN_STRICT_PROTOTYPES = YES;
				CLANG_WARN_SUSPICIOUS_MOVE = YES;
				CLANG_WARN_UNGUARDED_AVAILABILITY = YES_AGGRESSIVE;
				CLANG_WARN_UNREACHABLE_CODE = YES;
				CLANG_WARN__DUPLICATE_METHOD_MATCH = YES;
				COPY_PHASE_STRIP = NO;
				DEBUG_INFORMATION_FORMAT = "dwarf-with-dsym";
				ENABLE_NS_ASSERTIONS = NO;
				ENABLE_STRICT_OBJC_MSGSEND = YES;
				GCC_C_LANGUAGE_STANDARD = gnu11;
				GCC_NO_COMMON_BLOCKS = YES;
				GCC_WARN_64_TO_32_BIT_CONVERSION = YES;
				GCC_WARN_ABOUT_RETURN_TYPE = YES_ERROR;
				GCC_WARN_UNDECLARED_SELECTOR = YES;
				GCC_WARN_UNINITIALIZED_AUTOS = YES_AGGRESSIVE;
				GCC_WARN_UNUSED_FUNCTION = YES;
				GCC_WARN_UNUSED_VARIABLE = YES;
				IPHONEOS_DEPLOYMENT_TARGET = 15.2;
				MTL_ENABLE_DEBUG_INFO = NO;
				MTL_FAST_MATH = YES;
				SDKROOT = iphoneos;
				SWIFT_COMPILATION_MODE = wholemodule;
				SWIFT_OPTIMIZATION_LEVEL = "-O";
				VALIDATE_PRODUCT = YES;
			};
			name = Release;
		};
		DF30CC8227B001AE00D665C7 /* Debug */ = {
			isa = XCBuildConfiguration;
			buildSettings = {
				ASSETCATALOG_COMPILER_APPICON_NAME = AppIcon;
				ASSETCATALOG_COMPILER_GLOBAL_ACCENT_COLOR_NAME = AccentColor;
				CODE_SIGN_STYLE = Automatic;
				CURRENT_PROJECT_VERSION = 1;
				DEVELOPMENT_ASSET_PATHS = "\"AnonChats/Preview Content\"";
				DEVELOPMENT_TEAM = 7Z2WHPKU8W;
				ENABLE_PREVIEWS = YES;
				GENERATE_INFOPLIST_FILE = YES;
				INFOPLIST_KEY_UIApplicationSceneManifest_Generation = YES;
				INFOPLIST_KEY_UIApplicationSupportsIndirectInputEvents = YES;
				INFOPLIST_KEY_UILaunchScreen_Generation = YES;
				INFOPLIST_KEY_UISupportedInterfaceOrientations_iPad = "UIInterfaceOrientationPortrait UIInterfaceOrientationPortraitUpsideDown UIInterfaceOrientationLandscapeLeft UIInterfaceOrientationLandscapeRight";
				INFOPLIST_KEY_UISupportedInterfaceOrientations_iPhone = "UIInterfaceOrientationPortrait UIInterfaceOrientationLandscapeLeft UIInterfaceOrientationLandscapeRight";
				LD_RUNPATH_SEARCH_PATHS = (
					"$(inherited)",
					"@executable_path/Frameworks",
				);
				MARKETING_VERSION = 1.0;
				PRODUCT_BUNDLE_IDENTIFIER = com.CrazyApps.AnonChats;
				PRODUCT_NAME = "$(TARGET_NAME)";
				SWIFT_EMIT_LOC_STRINGS = YES;
				SWIFT_VERSION = 5.0;
				TARGETED_DEVICE_FAMILY = 1;
			};
			name = Debug;
		};
		DF30CC8327B001AE00D665C7 /* Release */ = {
			isa = XCBuildConfiguration;
			buildSettings = {
				ASSETCATALOG_COMPILER_APPICON_NAME = AppIcon;
				ASSETCATALOG_COMPILER_GLOBAL_ACCENT_COLOR_NAME = AccentColor;
				CODE_SIGN_STYLE = Automatic;
				CURRENT_PROJECT_VERSION = 1;
				DEVELOPMENT_ASSET_PATHS = "\"AnonChats/Preview Content\"";
				DEVELOPMENT_TEAM = 7Z2WHPKU8W;
				ENABLE_PREVIEWS = YES;
				GENERATE_INFOPLIST_FILE = YES;
				INFOPLIST_KEY_UIApplicationSceneManifest_Generation = YES;
				INFOPLIST_KEY_UIApplicationSupportsIndirectInputEvents = YES;
				INFOPLIST_KEY_UILaunchScreen_Generation = YES;
				INFOPLIST_KEY_UISupportedInterfaceOrientations_iPad = "UIInterfaceOrientationPortrait UIInterfaceOrientationPortraitUpsideDown UIInterfaceOrientationLandscapeLeft UIInterfaceOrientationLandscapeRight";
				INFOPLIST_KEY_UISupportedInterfaceOrientations_iPhone = "UIInterfaceOrientationPortrait UIInterfaceOrientationLandscapeLeft UIInterfaceOrientationLandscapeRight";
				LD_RUNPATH_SEARCH_PATHS = (
					"$(inherited)",
					"@executable_path/Frameworks",
				);
				MARKETING_VERSION = 1.0;
				PRODUCT_BUNDLE_IDENTIFIER = com.CrazyApps.AnonChats;
				PRODUCT_NAME = "$(TARGET_NAME)";
				SWIFT_EMIT_LOC_STRINGS = YES;
				SWIFT_VERSION = 5.0;
				TARGETED_DEVICE_FAMILY = 1;
			};
			name = Release;
		};
/* End XCBuildConfiguration section */

/* Begin XCConfigurationList section */
		DF30CC6E27B001AE00D665C7 /* Build configuration list for PBXProject "AnonChats" */ = {
			isa = XCConfigurationList;
			buildConfigurations = (
				DF30CC7F27B001AE00D665C7 /* Debug */,
				DF30CC8027B001AE00D665C7 /* Release */,
			);
			defaultConfigurationIsVisible = 0;
			defaultConfigurationName = Release;
		};
		DF30CC8127B001AE00D665C7 /* Build configuration list for PBXNativeTarget "AnonChats" */ = {
			isa = XCConfigurationList;
			buildConfigurations = (
				DF30CC8227B001AE00D665C7 /* Debug */,
				DF30CC8327B001AE00D665C7 /* Release */,
			);
			defaultConfigurationIsVisible = 0;
			defaultConfigurationName = Release;
		};
/* End XCConfigurationList section */

/* Begin XCRemoteSwiftPackageReference section */
		DF65BC9227F1B49E0065873C /* XCRemoteSwiftPackageReference "firebase-ios-sdk" */ = {
			isa = XCRemoteSwiftPackageReference;
			repositoryURL = "https://github.com/firebase/firebase-ios-sdk";
			requirement = {
				kind = upToNextMajorVersion;
				minimumVersion = 8.0.0;
			};
		};
		DF9FEC9B27B002F400905A48 /* XCRemoteSwiftPackageReference "firebase-ios-sdk" */ = {
			isa = XCRemoteSwiftPackageReference;
			repositoryURL = "https://github.com/firebase/firebase-ios-sdk";
			requirement = {
				kind = upToNextMajorVersion;
				minimumVersion = 8.0.0;
			};
		};
/* End XCRemoteSwiftPackageReference section */

/* Begin XCSwiftPackageProductDependency section */
		DF65BC9327F1B49E0065873C /* FirebaseAuth */ = {
			isa = XCSwiftPackageProductDependency;
			package = DF9FEC9B27B002F400905A48 /* XCRemoteSwiftPackageReference "firebase-ios-sdk" */;
			productName = FirebaseAuth;
		};
		DF65BC9527F1B49E0065873C /* FirebaseFirestoreSwift-Beta */ = {
			isa = XCSwiftPackageProductDependency;
			package = DF9FEC9B27B002F400905A48 /* XCRemoteSwiftPackageReference "firebase-ios-sdk" */;
			productName = "FirebaseFirestoreSwift-Beta";
		};
		DF9FEC9C27B002F500905A48 /* FirebaseAuth */ = {
			isa = XCSwiftPackageProductDependency;
			package = DF9FEC9B27B002F400905A48 /* XCRemoteSwiftPackageReference "firebase-ios-sdk" */;
			productName = FirebaseAuth;
		};
		DF9FECA027B002F500905A48 /* FirebaseFirestoreSwift-Beta */ = {
			isa = XCSwiftPackageProductDependency;
			package = DF9FEC9B27B002F400905A48 /* XCRemoteSwiftPackageReference "firebase-ios-sdk" */;
			productName = "FirebaseFirestoreSwift-Beta";
		};
/* End XCSwiftPackageProductDependency section */
	};
	rootObject = DF30CC6B27B001AE00D665C7 /* Project object */;
}
